// !$*UTF8*$!
{
	archiveVersion = 1;
	classes = {
	};
	objectVersion = 46;
	objects = {

/* Begin PBXBuildFile section */
		DD0250771C0D9B8800E7A9BA /* OtherTableViewController.m in Sources */ = {isa = PBXBuildFile; fileRef = DD0250761C0D9B8800E7A9BA /* OtherTableViewController.m */; };
		DD0250B91C0DB3C200E7A9BA /* AboutViewController.m in Sources */ = {isa = PBXBuildFile; fileRef = DD0250B81C0DB3C200E7A9BA /* AboutViewController.m */; };
		DD0250BC1C0DB40700E7A9BA /* AnnounceViewController.m in Sources */ = {isa = PBXBuildFile; fileRef = DD0250BB1C0DB40700E7A9BA /* AnnounceViewController.m */; };
		DDED0FC91C1558A60029EA40 /* FindBackView.m in Sources */ = {isa = PBXBuildFile; fileRef = DDED0FC41C1558A60029EA40 /* FindBackView.m */; };
		DDED0FCA1C1558A60029EA40 /* LoginView.m in Sources */ = {isa = PBXBuildFile; fileRef = DDED0FC61C1558A60029EA40 /* LoginView.m */; };
		DDED0FCB1C1558A60029EA40 /* RegistView.m in Sources */ = {isa = PBXBuildFile; fileRef = DDED0FC81C1558A60029EA40 /* RegistView.m */; };
		DDF1C77C1C0E95BA002752DE /* MyExpViewController.m in Sources */ = {isa = PBXBuildFile; fileRef = DDF1C77B1C0E95BA002752DE /* MyExpViewController.m */; };
		DDF1C77F1C0EC03A002752DE /* ChartViewController.m in Sources */ = {isa = PBXBuildFile; fileRef = DDF1C77E1C0EC03A002752DE /* ChartViewController.m */; };
		DDF1C7821C0ECAF5002752DE /* WorldTableViewController.m in Sources */ = {isa = PBXBuildFile; fileRef = DDF1C7811C0ECAF5002752DE /* WorldTableViewController.m */; };
		DDF1C7851C0EDB41002752DE /* AreaTableViewController.m in Sources */ = {isa = PBXBuildFile; fileRef = DDF1C7841C0EDB41002752DE /* AreaTableViewController.m */; };
		DDF467161C0BE345009A5528 /* main.m in Sources */ = {isa = PBXBuildFile; fileRef = DDF467151C0BE345009A5528 /* main.m */; };
		DDF467191C0BE345009A5528 /* AppDelegate.m in Sources */ = {isa = PBXBuildFile; fileRef = DDF467181C0BE345009A5528 /* AppDelegate.m */; };
		DDF4671C1C0BE345009A5528 /* ViewController.m in Sources */ = {isa = PBXBuildFile; fileRef = DDF4671B1C0BE345009A5528 /* ViewController.m */; };
		DDF467211C0BE345009A5528 /* Assets.xcassets in Resources */ = {isa = PBXBuildFile; fileRef = DDF467201C0BE345009A5528 /* Assets.xcassets */; };
		DDF467241C0BE346009A5528 /* LaunchScreen.storyboard in Resources */ = {isa = PBXBuildFile; fileRef = DDF467221C0BE346009A5528 /* LaunchScreen.storyboard */; };
		DDF4672F1C0BE346009A5528 /* Magic_CoolTests.m in Sources */ = {isa = PBXBuildFile; fileRef = DDF4672E1C0BE346009A5528 /* Magic_CoolTests.m */; };
		DDF4673A1C0BE346009A5528 /* Magic_CoolUITests.m in Sources */ = {isa = PBXBuildFile; fileRef = DDF467391C0BE346009A5528 /* Magic_CoolUITests.m */; };
		DDF467511C0BF6E1009A5528 /* ExpFunctionButton.m in Sources */ = {isa = PBXBuildFile; fileRef = DDF467501C0BF6E1009A5528 /* ExpFunctionButton.m */; };
		DDF4675D1C0C3A4D009A5528 /* Main.storyboard in Resources */ = {isa = PBXBuildFile; fileRef = DDF4675B1C0C3A4D009A5528 /* Main.storyboard */; };
/* End PBXBuildFile section */

/* Begin PBXContainerItemProxy section */
		DDF4672B1C0BE346009A5528 /* PBXContainerItemProxy */ = {
			isa = PBXContainerItemProxy;
			containerPortal = DDF467091C0BE345009A5528 /* Project object */;
			proxyType = 1;
			remoteGlobalIDString = DDF467101C0BE345009A5528;
			remoteInfo = "Magic-Cool";
		};
		DDF467361C0BE346009A5528 /* PBXContainerItemProxy */ = {
			isa = PBXContainerItemProxy;
			containerPortal = DDF467091C0BE345009A5528 /* Project object */;
			proxyType = 1;
			remoteGlobalIDString = DDF467101C0BE345009A5528;
			remoteInfo = "Magic-Cool";
		};
/* End PBXContainerItemProxy section */

/* Begin PBXFileReference section */
		DD0250751C0D9B8800E7A9BA /* OtherTableViewController.h */ = {isa = PBXFileReference; fileEncoding = 4; lastKnownFileType = sourcecode.c.h; path = OtherTableViewController.h; sourceTree = "<group>"; };
		DD0250761C0D9B8800E7A9BA /* OtherTableViewController.m */ = {isa = PBXFileReference; fileEncoding = 4; lastKnownFileType = sourcecode.c.objc; path = OtherTableViewController.m; sourceTree = "<group>"; };
		DD0250B71C0DB3C200E7A9BA /* AboutViewController.h */ = {isa = PBXFileReference; fileEncoding = 4; lastKnownFileType = sourcecode.c.h; path = AboutViewController.h; sourceTree = "<group>"; };
		DD0250B81C0DB3C200E7A9BA /* AboutViewController.m */ = {isa = PBXFileReference; fileEncoding = 4; lastKnownFileType = sourcecode.c.objc; path = AboutViewController.m; sourceTree = "<group>"; };
		DD0250BA1C0DB40700E7A9BA /* AnnounceViewController.h */ = {isa = PBXFileReference; fileEncoding = 4; lastKnownFileType = sourcecode.c.h; path = AnnounceViewController.h; sourceTree = "<group>"; };
		DD0250BB1C0DB40700E7A9BA /* AnnounceViewController.m */ = {isa = PBXFileReference; fileEncoding = 4; lastKnownFileType = sourcecode.c.objc; path = AnnounceViewController.m; sourceTree = "<group>"; };
		DDED0FC31C1558A60029EA40 /* FindBackView.h */ = {isa = PBXFileReference; fileEncoding = 4; lastKnownFileType = sourcecode.c.h; path = FindBackView.h; sourceTree = "<group>"; };
		DDED0FC41C1558A60029EA40 /* FindBackView.m */ = {isa = PBXFileReference; fileEncoding = 4; lastKnownFileType = sourcecode.c.objc; path = FindBackView.m; sourceTree = "<group>"; };
		DDED0FC51C1558A60029EA40 /* LoginView.h */ = {isa = PBXFileReference; fileEncoding = 4; lastKnownFileType = sourcecode.c.h; path = LoginView.h; sourceTree = "<group>"; };
		DDED0FC61C1558A60029EA40 /* LoginView.m */ = {isa = PBXFileReference; fileEncoding = 4; lastKnownFileType = sourcecode.c.objc; path = LoginView.m; sourceTree = "<group>"; };
		DDED0FC71C1558A60029EA40 /* RegistView.h */ = {isa = PBXFileReference; fileEncoding = 4; lastKnownFileType = sourcecode.c.h; path = RegistView.h; sourceTree = "<group>"; };
		DDED0FC81C1558A60029EA40 /* RegistView.m */ = {isa = PBXFileReference; fileEncoding = 4; lastKnownFileType = sourcecode.c.objc; path = RegistView.m; sourceTree = "<group>"; };
		DDF1C77A1C0E95BA002752DE /* MyExpViewController.h */ = {isa = PBXFileReference; fileEncoding = 4; lastKnownFileType = sourcecode.c.h; path = MyExpViewController.h; sourceTree = "<group>"; };
		DDF1C77B1C0E95BA002752DE /* MyExpViewController.m */ = {isa = PBXFileReference; fileEncoding = 4; lastKnownFileType = sourcecode.c.objc; path = MyExpViewController.m; sourceTree = "<group>"; };
		DDF1C77D1C0EC03A002752DE /* ChartViewController.h */ = {isa = PBXFileReference; fileEncoding = 4; lastKnownFileType = sourcecode.c.h; path = ChartViewController.h; sourceTree = "<group>"; };
		DDF1C77E1C0EC03A002752DE /* ChartViewController.m */ = {isa = PBXFileReference; fileEncoding = 4; lastKnownFileType = sourcecode.c.objc; path = ChartViewController.m; sourceTree = "<group>"; };
		DDF1C7801C0ECAF5002752DE /* WorldTableViewController.h */ = {isa = PBXFileReference; fileEncoding = 4; lastKnownFileType = sourcecode.c.h; path = WorldTableViewController.h; sourceTree = "<group>"; };
		DDF1C7811C0ECAF5002752DE /* WorldTableViewController.m */ = {isa = PBXFileReference; fileEncoding = 4; lastKnownFileType = sourcecode.c.objc; path = WorldTableViewController.m; sourceTree = "<group>"; };
		DDF1C7831C0EDB41002752DE /* AreaTableViewController.h */ = {isa = PBXFileReference; fileEncoding = 4; lastKnownFileType = sourcecode.c.h; path = AreaTableViewController.h; sourceTree = "<group>"; };
		DDF1C7841C0EDB41002752DE /* AreaTableViewController.m */ = {isa = PBXFileReference; fileEncoding = 4; lastKnownFileType = sourcecode.c.objc; path = AreaTableViewController.m; sourceTree = "<group>"; };
		DDF467111C0BE345009A5528 /* Magic-Cool.app */ = {isa = PBXFileReference; explicitFileType = wrapper.application; includeInIndex = 0; path = "Magic-Cool.app"; sourceTree = BUILT_PRODUCTS_DIR; };
		DDF467151C0BE345009A5528 /* main.m */ = {isa = PBXFileReference; lastKnownFileType = sourcecode.c.objc; path = main.m; sourceTree = "<group>"; };
		DDF467171C0BE345009A5528 /* AppDelegate.h */ = {isa = PBXFileReference; lastKnownFileType = sourcecode.c.h; path = AppDelegate.h; sourceTree = "<group>"; };
		DDF467181C0BE345009A5528 /* AppDelegate.m */ = {isa = PBXFileReference; lastKnownFileType = sourcecode.c.objc; path = AppDelegate.m; sourceTree = "<group>"; };
		DDF4671A1C0BE345009A5528 /* ViewController.h */ = {isa = PBXFileReference; lastKnownFileType = sourcecode.c.h; path = ViewController.h; sourceTree = "<group>"; };
		DDF4671B1C0BE345009A5528 /* ViewController.m */ = {isa = PBXFileReference; lastKnownFileType = sourcecode.c.objc; path = ViewController.m; sourceTree = "<group>"; };
		DDF467201C0BE345009A5528 /* Assets.xcassets */ = {isa = PBXFileReference; lastKnownFileType = folder.assetcatalog; path = Assets.xcassets; sourceTree = "<group>"; };
		DDF467231C0BE346009A5528 /* Base */ = {isa = PBXFileReference; lastKnownFileType = file.storyboard; name = Base; path = Base.lproj/LaunchScreen.storyboard; sourceTree = "<group>"; };
		DDF467251C0BE346009A5528 /* Info.plist */ = {isa = PBXFileReference; lastKnownFileType = text.plist.xml; path = Info.plist; sourceTree = "<group>"; };
		DDF4672A1C0BE346009A5528 /* Magic-CoolTests.xctest */ = {isa = PBXFileReference; explicitFileType = wrapper.cfbundle; includeInIndex = 0; path = "Magic-CoolTests.xctest"; sourceTree = BUILT_PRODUCTS_DIR; };
		DDF4672E1C0BE346009A5528 /* Magic_CoolTests.m */ = {isa = PBXFileReference; lastKnownFileType = sourcecode.c.objc; path = Magic_CoolTests.m; sourceTree = "<group>"; };
		DDF467301C0BE346009A5528 /* Info.plist */ = {isa = PBXFileReference; lastKnownFileType = text.plist.xml; path = Info.plist; sourceTree = "<group>"; };
		DDF467351C0BE346009A5528 /* Magic-CoolUITests.xctest */ = {isa = PBXFileReference; explicitFileType = wrapper.cfbundle; includeInIndex = 0; path = "Magic-CoolUITests.xctest"; sourceTree = BUILT_PRODUCTS_DIR; };
		DDF467391C0BE346009A5528 /* Magic_CoolUITests.m */ = {isa = PBXFileReference; lastKnownFileType = sourcecode.c.objc; path = Magic_CoolUITests.m; sourceTree = "<group>"; };
		DDF4673B1C0BE346009A5528 /* Info.plist */ = {isa = PBXFileReference; lastKnownFileType = text.plist.xml; path = Info.plist; sourceTree = "<group>"; };
		DDF4674F1C0BF6E1009A5528 /* ExpFunctionButton.h */ = {isa = PBXFileReference; fileEncoding = 4; lastKnownFileType = sourcecode.c.h; path = ExpFunctionButton.h; sourceTree = "<group>"; };
		DDF467501C0BF6E1009A5528 /* ExpFunctionButton.m */ = {isa = PBXFileReference; fileEncoding = 4; lastKnownFileType = sourcecode.c.objc; path = ExpFunctionButton.m; sourceTree = "<group>"; };
		DDF467541C0BFD41009A5528 /* SystemDefine.h */ = {isa = PBXFileReference; lastKnownFileType = sourcecode.c.h; path = SystemDefine.h; sourceTree = "<group>"; };
		DDF4675C1C0C3A4D009A5528 /* Base */ = {isa = PBXFileReference; lastKnownFileType = file.storyboard; name = Base; path = Base.lproj/Main.storyboard; sourceTree = "<group>"; };
/* End PBXFileReference section */

/* Begin PBXFrameworksBuildPhase section */
		DDF4670E1C0BE345009A5528 /* Frameworks */ = {
			isa = PBXFrameworksBuildPhase;
			buildActionMask = 2147483647;
			files = (
			);
			runOnlyForDeploymentPostprocessing = 0;
		};
		DDF467271C0BE346009A5528 /* Frameworks */ = {
			isa = PBXFrameworksBuildPhase;
			buildActionMask = 2147483647;
			files = (
			);
			runOnlyForDeploymentPostprocessing = 0;
		};
		DDF467321C0BE346009A5528 /* Frameworks */ = {
			isa = PBXFrameworksBuildPhase;
			buildActionMask = 2147483647;
			files = (
			);
			runOnlyForDeploymentPostprocessing = 0;
		};
/* End PBXFrameworksBuildPhase section */

/* Begin PBXGroup section */
		DDF1C7791C0E954E002752DE /* 功能中心 */ = {
			isa = PBXGroup;
			children = (
				DDF4671A1C0BE345009A5528 /* ViewController.h */,
				DDF4671B1C0BE345009A5528 /* ViewController.m */,
				DDF4674F1C0BF6E1009A5528 /* ExpFunctionButton.h */,
				DDF467501C0BF6E1009A5528 /* ExpFunctionButton.m */,
			);
			name = "功能中心";
			sourceTree = "<group>";
		};
		DDF467081C0BE345009A5528 = {
			isa = PBXGroup;
			children = (
				DDF467131C0BE345009A5528 /* Magic-Cool */,
				DDF4672D1C0BE346009A5528 /* Magic-CoolTests */,
				DDF467381C0BE346009A5528 /* Magic-CoolUITests */,
				DDF467121C0BE345009A5528 /* Products */,
			);
			sourceTree = "<group>";
		};
		DDF467121C0BE345009A5528 /* Products */ = {
			isa = PBXGroup;
			children = (
				DDF467111C0BE345009A5528 /* Magic-Cool.app */,
				DDF4672A1C0BE346009A5528 /* Magic-CoolTests.xctest */,
				DDF467351C0BE346009A5528 /* Magic-CoolUITests.xctest */,
			);
			name = Products;
			sourceTree = "<group>";
		};
		DDF467131C0BE345009A5528 /* Magic-Cool */ = {
			isa = PBXGroup;
			children = (
				DDF467531C0BFD08009A5528 /* Utility */,
				DDF467521C0BFCE0009A5528 /*  Model */,
				DDF467471C0BF5E8009A5528 /* Controller */,
				DDF467171C0BE345009A5528 /* AppDelegate.h */,
				DDF467181C0BE345009A5528 /* AppDelegate.m */,
				DDF467201C0BE345009A5528 /* Assets.xcassets */,
				DDF4675B1C0C3A4D009A5528 /* Main.storyboard */,
				DDF467221C0BE346009A5528 /* LaunchScreen.storyboard */,
				DDF467251C0BE346009A5528 /* Info.plist */,
				DDF467141C0BE345009A5528 /* Supporting Files */,
			);
			path = "Magic-Cool";
			sourceTree = "<group>";
		};
		DDF467141C0BE345009A5528 /* Supporting Files */ = {
			isa = PBXGroup;
			children = (
				DDF467151C0BE345009A5528 /* main.m */,
			);
			name = "Supporting Files";
			sourceTree = "<group>";
		};
		DDF4672D1C0BE346009A5528 /* Magic-CoolTests */ = {
			isa = PBXGroup;
			children = (
				DDF4672E1C0BE346009A5528 /* Magic_CoolTests.m */,
				DDF467301C0BE346009A5528 /* Info.plist */,
			);
			path = "Magic-CoolTests";
			sourceTree = "<group>";
		};
		DDF467381C0BE346009A5528 /* Magic-CoolUITests */ = {
			isa = PBXGroup;
			children = (
				DDF467391C0BE346009A5528 /* Magic_CoolUITests.m */,
				DDF4673B1C0BE346009A5528 /* Info.plist */,
			);
			path = "Magic-CoolUITests";
			sourceTree = "<group>";
		};
		DDF467471C0BF5E8009A5528 /* Controller */ = {
			isa = PBXGroup;
			children = (
				DDF1C7791C0E954E002752DE /* 功能中心 */,
				DDF467631C0C4825009A5528 /* 其他 */,
				DDF467621C0C481F009A5528 /* 排行榜 */,
				DDF467611C0C4817009A5528 /* 我的表情 */,
				DDF467601C0C4810009A5528 /* 达人酷 */,
				DDF4675F1C0C4809009A5528 /* 素材库 */,
				DDF4675E1C0C47EA009A5528 /* 表情制作 */,
				DDF467551C0C2A60009A5528 /* 登陆注册 */,
			);
			name = Controller;
			sourceTree = "<group>";
		};
		DDF467521C0BFCE0009A5528 /*  Model */ = {
			isa = PBXGroup;
			children = (
			);
			name = " Model";
			sourceTree = "<group>";
		};
		DDF467531C0BFD08009A5528 /* Utility */ = {
			isa = PBXGroup;
			children = (
				DDF467541C0BFD41009A5528 /* SystemDefine.h */,
			);
			name = Utility;
			sourceTree = "<group>";
		};
		DDF467551C0C2A60009A5528 /* 登陆注册 */ = {
			isa = PBXGroup;
			children = (
				DDED0FC31C1558A60029EA40 /* FindBackView.h */,
				DDED0FC41C1558A60029EA40 /* FindBackView.m */,
				DDED0FC51C1558A60029EA40 /* LoginView.h */,
				DDED0FC61C1558A60029EA40 /* LoginView.m */,
				DDED0FC71C1558A60029EA40 /* RegistView.h */,
				DDED0FC81C1558A60029EA40 /* RegistView.m */,
			);
			name = "登陆注册";
			sourceTree = "<group>";
		};
		DDF4675E1C0C47EA009A5528 /* 表情制作 */ = {
			isa = PBXGroup;
			children = (
			);
			name = "表情制作";
			sourceTree = "<group>";
		};
		DDF4675F1C0C4809009A5528 /* 素材库 */ = {
			isa = PBXGroup;
			children = (
			);
			name = "素材库";
			sourceTree = "<group>";
		};
		DDF467601C0C4810009A5528 /* 达人酷 */ = {
			isa = PBXGroup;
			children = (
			);
			name = "达人酷";
			sourceTree = "<group>";
		};
		DDF467611C0C4817009A5528 /* 我的表情 */ = {
			isa = PBXGroup;
			children = (
				DDF1C77A1C0E95BA002752DE /* MyExpViewController.h */,
				DDF1C77B1C0E95BA002752DE /* MyExpViewController.m */,
			);
			name = "我的表情";
			sourceTree = "<group>";
		};
		DDF467621C0C481F009A5528 /* 排行榜 */ = {
			isa = PBXGroup;
			children = (
				DDF1C77D1C0EC03A002752DE /* ChartViewController.h */,
				DDF1C77E1C0EC03A002752DE /* ChartViewController.m */,
				DDF1C7801C0ECAF5002752DE /* WorldTableViewController.h */,
				DDF1C7811C0ECAF5002752DE /* WorldTableViewController.m */,
				DDF1C7831C0EDB41002752DE /* AreaTableViewController.h */,
				DDF1C7841C0EDB41002752DE /* AreaTableViewController.m */,
			);
			name = "排行榜";
			sourceTree = "<group>";
		};
		DDF467631C0C4825009A5528 /* 其他 */ = {
			isa = PBXGroup;
			children = (
				DD0250751C0D9B8800E7A9BA /* OtherTableViewController.h */,
				DD0250761C0D9B8800E7A9BA /* OtherTableViewController.m */,
				DD0250B71C0DB3C200E7A9BA /* AboutViewController.h */,
				DD0250B81C0DB3C200E7A9BA /* AboutViewController.m */,
				DD0250BA1C0DB40700E7A9BA /* AnnounceViewController.h */,
				DD0250BB1C0DB40700E7A9BA /* AnnounceViewController.m */,
			);
			name = "其他";
			sourceTree = "<group>";
		};
/* End PBXGroup section */

/* Begin PBXNativeTarget section */
		DDF467101C0BE345009A5528 /* Magic-Cool */ = {
			isa = PBXNativeTarget;
			buildConfigurationList = DDF4673E1C0BE346009A5528 /* Build configuration list for PBXNativeTarget "Magic-Cool" */;
			buildPhases = (
				DDF4670D1C0BE345009A5528 /* Sources */,
				DDF4670E1C0BE345009A5528 /* Frameworks */,
				DDF4670F1C0BE345009A5528 /* Resources */,
			);
			buildRules = (
			);
			dependencies = (
			);
			name = "Magic-Cool";
			productName = "Magic-Cool";
			productReference = DDF467111C0BE345009A5528 /* Magic-Cool.app */;
			productType = "com.apple.product-type.application";
		};
		DDF467291C0BE346009A5528 /* Magic-CoolTests */ = {
			isa = PBXNativeTarget;
			buildConfigurationList = DDF467411C0BE346009A5528 /* Build configuration list for PBXNativeTarget "Magic-CoolTests" */;
			buildPhases = (
				DDF467261C0BE346009A5528 /* Sources */,
				DDF467271C0BE346009A5528 /* Frameworks */,
				DDF467281C0BE346009A5528 /* Resources */,
			);
			buildRules = (
			);
			dependencies = (
				DDF4672C1C0BE346009A5528 /* PBXTargetDependency */,
			);
			name = "Magic-CoolTests";
			productName = "Magic-CoolTests";
			productReference = DDF4672A1C0BE346009A5528 /* Magic-CoolTests.xctest */;
			productType = "com.apple.product-type.bundle.unit-test";
		};
		DDF467341C0BE346009A5528 /* Magic-CoolUITests */ = {
			isa = PBXNativeTarget;
			buildConfigurationList = DDF467441C0BE346009A5528 /* Build configuration list for PBXNativeTarget "Magic-CoolUITests" */;
			buildPhases = (
				DDF467311C0BE346009A5528 /* Sources */,
				DDF467321C0BE346009A5528 /* Frameworks */,
				DDF467331C0BE346009A5528 /* Resources */,
			);
			buildRules = (
			);
			dependencies = (
				DDF467371C0BE346009A5528 /* PBXTargetDependency */,
			);
			name = "Magic-CoolUITests";
			productName = "Magic-CoolUITests";
			productReference = DDF467351C0BE346009A5528 /* Magic-CoolUITests.xctest */;
			productType = "com.apple.product-type.bundle.ui-testing";
		};
/* End PBXNativeTarget section */

/* Begin PBXProject section */
		DDF467091C0BE345009A5528 /* Project object */ = {
			isa = PBXProject;
			attributes = {
				LastUpgradeCheck = 0710;
				ORGANIZATIONNAME = "斯普瑞恩";
				TargetAttributes = {
					DDF467101C0BE345009A5528 = {
						CreatedOnToolsVersion = 7.1.1;
					};
					DDF467291C0BE346009A5528 = {
						CreatedOnToolsVersion = 7.1.1;
						TestTargetID = DDF467101C0BE345009A5528;
					};
					DDF467341C0BE346009A5528 = {
						CreatedOnToolsVersion = 7.1.1;
						TestTargetID = DDF467101C0BE345009A5528;
					};
				};
			};
			buildConfigurationList = DDF4670C1C0BE345009A5528 /* Build configuration list for PBXProject "Magic-Cool" */;
			compatibilityVersion = "Xcode 3.2";
			developmentRegion = English;
			hasScannedForEncodings = 0;
			knownRegions = (
				en,
				Base,
			);
			mainGroup = DDF467081C0BE345009A5528;
			productRefGroup = DDF467121C0BE345009A5528 /* Products */;
			projectDirPath = "";
			projectRoot = "";
			targets = (
				DDF467101C0BE345009A5528 /* Magic-Cool */,
				DDF467291C0BE346009A5528 /* Magic-CoolTests */,
				DDF467341C0BE346009A5528 /* Magic-CoolUITests */,
			);
		};
/* End PBXProject section */

/* Begin PBXResourcesBuildPhase section */
		DDF4670F1C0BE345009A5528 /* Resources */ = {
			isa = PBXResourcesBuildPhase;
			buildActionMask = 2147483647;
			files = (
				DDF467241C0BE346009A5528 /* LaunchScreen.storyboard in Resources */,
				DDF467211C0BE345009A5528 /* Assets.xcassets in Resources */,
				DDF4675D1C0C3A4D009A5528 /* Main.storyboard in Resources */,
			);
			runOnlyForDeploymentPostprocessing = 0;
		};
		DDF467281C0BE346009A5528 /* Resources */ = {
			isa = PBXResourcesBuildPhase;
			buildActionMask = 2147483647;
			files = (
			);
			runOnlyForDeploymentPostprocessing = 0;
		};
		DDF467331C0BE346009A5528 /* Resources */ = {
			isa = PBXResourcesBuildPhase;
			buildActionMask = 2147483647;
			files = (
			);
			runOnlyForDeploymentPostprocessing = 0;
		};
/* End PBXResourcesBuildPhase section */

/* Begin PBXSourcesBuildPhase section */
		DDF4670D1C0BE345009A5528 /* Sources */ = {
			isa = PBXSourcesBuildPhase;
			buildActionMask = 2147483647;
			files = (
				DDF1C7821C0ECAF5002752DE /* WorldTableViewController.m in Sources */,
				DD0250B91C0DB3C200E7A9BA /* AboutViewController.m in Sources */,
				DDF1C77F1C0EC03A002752DE /* ChartViewController.m in Sources */,
				DDF4671C1C0BE345009A5528 /* ViewController.m in Sources */,
				DDF467511C0BF6E1009A5528 /* ExpFunctionButton.m in Sources */,
				DDF467191C0BE345009A5528 /* AppDelegate.m in Sources */,
				DDED0FC91C1558A60029EA40 /* FindBackView.m in Sources */,
				DDF467161C0BE345009A5528 /* main.m in Sources */,
				DDF1C77C1C0E95BA002752DE /* MyExpViewController.m in Sources */,
				DD0250BC1C0DB40700E7A9BA /* AnnounceViewController.m in Sources */,
				DDED0FCB1C1558A60029EA40 /* RegistView.m in Sources */,
				DD0250771C0D9B8800E7A9BA /* OtherTableViewController.m in Sources */,
				DDED0FCA1C1558A60029EA40 /* LoginView.m in Sources */,
				DDF1C7851C0EDB41002752DE /* AreaTableViewController.m in Sources */,
			);
			runOnlyForDeploymentPostprocessing = 0;
		};
		DDF467261C0BE346009A5528 /* Sources */ = {
			isa = PBXSourcesBuildPhase;
			buildActionMask = 2147483647;
			files = (
				DDF4672F1C0BE346009A5528 /* Magic_CoolTests.m in Sources */,
			);
			runOnlyForDeploymentPostprocessing = 0;
		};
		DDF467311C0BE346009A5528 /* Sources */ = {
			isa = PBXSourcesBuildPhase;
			buildActionMask = 2147483647;
			files = (
				DDF4673A1C0BE346009A5528 /* Magic_CoolUITests.m in Sources */,
			);
			runOnlyForDeploymentPostprocessing = 0;
		};
/* End PBXSourcesBuildPhase section */

/* Begin PBXTargetDependency section */
		DDF4672C1C0BE346009A5528 /* PBXTargetDependency */ = {
			isa = PBXTargetDependency;
			target = DDF467101C0BE345009A5528 /* Magic-Cool */;
			targetProxy = DDF4672B1C0BE346009A5528 /* PBXContainerItemProxy */;
		};
		DDF467371C0BE346009A5528 /* PBXTargetDependency */ = {
			isa = PBXTargetDependency;
			target = DDF467101C0BE345009A5528 /* Magic-Cool */;
			targetProxy = DDF467361C0BE346009A5528 /* PBXContainerItemProxy */;
		};
/* End PBXTargetDependency section */

/* Begin PBXVariantGroup section */
		DDF467221C0BE346009A5528 /* LaunchScreen.storyboard */ = {
			isa = PBXVariantGroup;
			children = (
				DDF467231C0BE346009A5528 /* Base */,
			);
			name = LaunchScreen.storyboard;
			sourceTree = "<group>";
		};
		DDF4675B1C0C3A4D009A5528 /* Main.storyboard */ = {
			isa = PBXVariantGroup;
			children = (
				DDF4675C1C0C3A4D009A5528 /* Base */,
			);
			name = Main.storyboard;
			sourceTree = "<group>";
		};
/* End PBXVariantGroup section */

/* Begin XCBuildConfiguration section */
		DDF4673C1C0BE346009A5528 /* Debug */ = {
			isa = XCBuildConfiguration;
			buildSettings = {
				ALWAYS_SEARCH_USER_PATHS = NO;
				CLANG_CXX_LANGUAGE_STANDARD = "gnu++0x";
				CLANG_CXX_LIBRARY = "libc++";
				CLANG_ENABLE_MODULES = YES;
				CLANG_ENABLE_OBJC_ARC = YES;
				CLANG_WARN_BOOL_CONVERSION = YES;
				CLANG_WARN_CONSTANT_CONVERSION = YES;
				CLANG_WARN_DIRECT_OBJC_ISA_USAGE = YES_ERROR;
				CLANG_WARN_EMPTY_BODY = YES;
				CLANG_WARN_ENUM_CONVERSION = YES;
				CLANG_WARN_INT_CONVERSION = YES;
				CLANG_WARN_OBJC_ROOT_CLASS = YES_ERROR;
				CLANG_WARN_UNREACHABLE_CODE = YES;
				CLANG_WARN__DUPLICATE_METHOD_MATCH = YES;
				"CODE_SIGN_IDENTITY[sdk=iphoneos*]" = "iPhone Developer";
				COPY_PHASE_STRIP = NO;
				DEBUG_INFORMATION_FORMAT = dwarf;
				ENABLE_STRICT_OBJC_MSGSEND = YES;
				ENABLE_TESTABILITY = YES;
				GCC_C_LANGUAGE_STANDARD = gnu99;
				GCC_DYNAMIC_NO_PIC = NO;
				GCC_NO_COMMON_BLOCKS = YES;
				GCC_OPTIMIZATION_LEVEL = 0;
				GCC_PREPROCESSOR_DEFINITIONS = (
					"DEBUG=1",
					"$(inherited)",
				);
				GCC_WARN_64_TO_32_BIT_CONVERSION = YES;
				GCC_WARN_ABOUT_RETURN_TYPE = YES_ERROR;
				GCC_WARN_UNDECLARED_SELECTOR = YES;
				GCC_WARN_UNINITIALIZED_AUTOS = YES_AGGRESSIVE;
				GCC_WARN_UNUSED_FUNCTION = YES;
				GCC_WARN_UNUSED_VARIABLE = YES;
				IPHONEOS_DEPLOYMENT_TARGET = 9.1;
				MTL_ENABLE_DEBUG_INFO = YES;
				ONLY_ACTIVE_ARCH = YES;
				SDKROOT = iphoneos;
			};
			name = Debug;
		};
		DDF4673D1C0BE346009A5528 /* Release */ = {
			isa = XCBuildConfiguration;
			buildSettings = {
				ALWAYS_SEARCH_USER_PATHS = NO;
				CLANG_CXX_LANGUAGE_STANDARD = "gnu++0x";
				CLANG_CXX_LIBRARY = "libc++";
				CLANG_ENABLE_MODULES = YES;
				CLANG_ENABLE_OBJC_ARC = YES;
				CLANG_WARN_BOOL_CONVERSION = YES;
				CLANG_WARN_CONSTANT_CONVERSION = YES;
				CLANG_WARN_DIRECT_OBJC_ISA_USAGE = YES_ERROR;
				CLANG_WARN_EMPTY_BODY = YES;
				CLANG_WARN_ENUM_CONVERSION = YES;
				CLANG_WARN_INT_CONVERSION = YES;
				CLANG_WARN_OBJC_ROOT_CLASS = YES_ERROR;
				CLANG_WARN_UNREACHABLE_CODE = YES;
				CLANG_WARN__DUPLICATE_METHOD_MATCH = YES;
				"CODE_SIGN_IDENTITY[sdk=iphoneos*]" = "iPhone Developer";
				COPY_PHASE_STRIP = NO;
				DEBUG_INFORMATION_FORMAT = "dwarf-with-dsym";
				ENABLE_NS_ASSERTIONS = NO;
				ENABLE_STRICT_OBJC_MSGSEND = YES;
				GCC_C_LANGUAGE_STANDARD = gnu99;
				GCC_NO_COMMON_BLOCKS = YES;
				GCC_WARN_64_TO_32_BIT_CONVERSION = YES;
				GCC_WARN_ABOUT_RETURN_TYPE = YES_ERROR;
				GCC_WARN_UNDECLARED_SELECTOR = YES;
				GCC_WARN_UNINITIALIZED_AUTOS = YES_AGGRESSIVE;
				GCC_WARN_UNUSED_FUNCTION = YES;
				GCC_WARN_UNUSED_VARIABLE = YES;
				IPHONEOS_DEPLOYMENT_TARGET = 9.1;
				MTL_ENABLE_DEBUG_INFO = NO;
				SDKROOT = iphoneos;
				VALIDATE_PRODUCT = YES;
			};
			name = Release;
		};
		DDF4673F1C0BE346009A5528 /* Debug */ = {
			isa = XCBuildConfiguration;
			buildSettings = {
				ASSETCATALOG_COMPILER_APPICON_NAME = AppIcon;
				INFOPLIST_FILE = "Magic-Cool/Info.plist";
				LD_RUNPATH_SEARCH_PATHS = "$(inherited) @executable_path/Frameworks";
				PRODUCT_BUNDLE_IDENTIFIER = "spring.Magic-Cool";
				PRODUCT_NAME = "$(TARGET_NAME)";
			};
			name = Debug;
		};
		DDF467401C0BE346009A5528 /* Release */ = {
			isa = XCBuildConfiguration;
			buildSettings = {
				ASSETCATALOG_COMPILER_APPICON_NAME = AppIcon;
				INFOPLIST_FILE = "Magic-Cool/Info.plist";
				LD_RUNPATH_SEARCH_PATHS = "$(inherited) @executable_path/Frameworks";
				PRODUCT_BUNDLE_IDENTIFIER = "spring.Magic-Cool";
				PRODUCT_NAME = "$(TARGET_NAME)";
			};
			name = Release;
		};
		DDF467421C0BE346009A5528 /* Debug */ = {
			isa = XCBuildConfiguration;
			buildSettings = {
				BUNDLE_LOADER = "$(TEST_HOST)";
				INFOPLIST_FILE = "Magic-CoolTests/Info.plist";
				LD_RUNPATH_SEARCH_PATHS = "$(inherited) @executable_path/Frameworks @loader_path/Frameworks";
				PRODUCT_BUNDLE_IDENTIFIER = "spring.Magic-CoolTests";
				PRODUCT_NAME = "$(TARGET_NAME)";
				TEST_HOST = "$(BUILT_PRODUCTS_DIR)/Magic-Cool.app/Magic-Cool";
			};
			name = Debug;
		};
		DDF467431C0BE346009A5528 /* Release */ = {
			isa = XCBuildConfiguration;
			buildSettings = {
				BUNDLE_LOADER = "$(TEST_HOST)";
				INFOPLIST_FILE = "Magic-CoolTests/Info.plist";
				LD_RUNPATH_SEARCH_PATHS = "$(inherited) @executable_path/Frameworks @loader_path/Frameworks";
				PRODUCT_BUNDLE_IDENTIFIER = "spring.Magic-CoolTests";
				PRODUCT_NAME = "$(TARGET_NAME)";
				TEST_HOST = "$(BUILT_PRODUCTS_DIR)/Magic-Cool.app/Magic-Cool";
			};
			name = Release;
		};
		DDF467451C0BE346009A5528 /* Debug */ = {
			isa = XCBuildConfiguration;
			buildSettings = {
				INFOPLIST_FILE = "Magic-CoolUITests/Info.plist";
				LD_RUNPATH_SEARCH_PATHS = "$(inherited) @executable_path/Frameworks @loader_path/Frameworks";
				PRODUCT_BUNDLE_IDENTIFIER = "spring.Magic-CoolUITests";
				PRODUCT_NAME = "$(TARGET_NAME)";
				TEST_TARGET_NAME = "Magic-Cool";
				USES_XCTRUNNER = YES;
			};
			name = Debug;
		};
		DDF467461C0BE346009A5528 /* Release */ = {
			isa = XCBuildConfiguration;
			buildSettings = {
				INFOPLIST_FILE = "Magic-CoolUITests/Info.plist";
				LD_RUNPATH_SEARCH_PATHS = "$(inherited) @executable_path/Frameworks @loader_path/Frameworks";
				PRODUCT_BUNDLE_IDENTIFIER = "spring.Magic-CoolUITests";
				PRODUCT_NAME = "$(TARGET_NAME)";
				TEST_TARGET_NAME = "Magic-Cool";
				USES_XCTRUNNER = YES;
			};
			name = Release;
		};
/* End XCBuildConfiguration section */

/* Begin XCConfigurationList section */
		DDF4670C1C0BE345009A5528 /* Build configuration list for PBXProject "Magic-Cool" */ = {
			isa = XCConfigurationList;
			buildConfigurations = (
				DDF4673C1C0BE346009A5528 /* Debug */,
				DDF4673D1C0BE346009A5528 /* Release */,
			);
			defaultConfigurationIsVisible = 0;
			defaultConfigurationName = Release;
		};
		DDF4673E1C0BE346009A5528 /* Build configuration list for PBXNativeTarget "Magic-Cool" */ = {
			isa = XCConfigurationList;
			buildConfigurations = (
				DDF4673F1C0BE346009A5528 /* Debug */,
				DDF467401C0BE346009A5528 /* Release */,
			);
			defaultConfigurationIsVisible = 0;
			defaultConfigurationName = Release;
		};
		DDF467411C0BE346009A5528 /* Build configuration list for PBXNativeTarget "Magic-CoolTests" */ = {
			isa = XCConfigurationList;
			buildConfigurations = (
				DDF467421C0BE346009A5528 /* Debug */,
				DDF467431C0BE346009A5528 /* Release */,
			);
			defaultConfigurationIsVisible = 0;
			defaultConfigurationName = Release;
		};
		DDF467441C0BE346009A5528 /* Build configuration list for PBXNativeTarget "Magic-CoolUITests" */ = {
			isa = XCConfigurationList;
			buildConfigurations = (
				DDF467451C0BE346009A5528 /* Debug */,
				DDF467461C0BE346009A5528 /* Release */,
			);
			defaultConfigurationIsVisible = 0;
			defaultConfigurationName = Release;
		};
/* End XCConfigurationList section */
	};
	rootObject = DDF467091C0BE345009A5528 /* Project object */;
}
